
Microsoft Visual Studio Solution File, Format Version 12.00
# Visual Studio Version 17
VisualStudioVersion = 17.14.36109.1 d17.14
MinimumVisualStudioVersion = 10.0.40219.1
Project("{FAE04EC0-301F-11D3-BF4B-00C04F79EFBC}") = "CookBook_Api", "CookBook_Api\CookBook_Api.csproj", "{43655309-AFB8-4D75-B0BD-60EFA2551549}"
EndProject
Global
	GlobalSection(SolutionConfigurationPlatforms) = preSolution
		Debug|Any CPU = Debug|Any CPU
		Release|Any CPU = Release|Any CPU
	EndGlobalSection
	GlobalSection(ProjectConfigurationPlatforms) = postSolution
		{43655309-AFB8-4D75-B0BD-60EFA2551549}.Debug|Any CPU.ActiveCfg = Debug|Any CPU
		{43655309-AFB8-4D75-B0BD-60EFA2551549}.Debug|Any CPU.Build.0 = Debug|Any CPU
		{43655309-AFB8-4D75-B0BD-60EFA2551549}.Release|Any CPU.ActiveCfg = Release|Any CPU
		{43655309-AFB8-4D75-B0BD-60EFA2551549}.Release|Any CPU.Build.0 = Release|Any CPU
	EndGlobalSection
	GlobalSection(SolutionProperties) = preSolution
		HideSolutionNode = FALSE
	EndGlobalSection
	GlobalSection(ExtensibilityGlobals) = postSolution
		SolutionGuid = {F53C72A1-03EB-4C07-8348-67DCB3D7D7C2}
	EndGlobalSection
EndGlobal
